// !$*UTF8*$!
{
	archiveVersion = 1;
	classes = {
	};
	objectVersion = 56;
	objects = {

/* Begin PBXBuildFile section */
		2D06CABA290BD59B00B33482 /* ContentView.swift in Sources */ = {isa = PBXBuildFile; fileRef = 2D06CAB9290BD59B00B33482 /* ContentView.swift */; };
		2D06CABC290BD67900B33482 /* TableView.swift in Sources */ = {isa = PBXBuildFile; fileRef = 2D06CABB290BD67900B33482 /* TableView.swift */; };
		2D06CABE290BD92400B33482 /* AppState.swift in Sources */ = {isa = PBXBuildFile; fileRef = 2D06CABD290BD92400B33482 /* AppState.swift */; };
		2D06CAC0290BDC0900B33482 /* Menus.swift in Sources */ = {isa = PBXBuildFile; fileRef = 2D06CABF290BDC0900B33482 /* Menus.swift */; };
		2D06CAC2290BDE4B00B33482 /* Toolbar.swift in Sources */ = {isa = PBXBuildFile; fileRef = 2D06CAC1290BDE4B00B33482 /* Toolbar.swift */; };
		2D06CAC6290C5FAC00B33482 /* Credits.html in Resources */ = {isa = PBXBuildFile; fileRef = 2D06CAC5290C5FAC00B33482 /* Credits.html */; };
		2D06CAC8290C63D800B33482 /* ControlView.swift in Sources */ = {isa = PBXBuildFile; fileRef = 2D06CAC7290C63D800B33482 /* ControlView.swift */; };
		2D09AB68290BD20000B3C11E /* SidebarView.swift in Sources */ = {isa = PBXBuildFile; fileRef = 2D09AB67290BD20000B3C11E /* SidebarView.swift */; };
		2D4385182912FDD700267EB9 /* SimulationPerformer.swift in Sources */ = {isa = PBXBuildFile; fileRef = 2D4385172912FDD700267EB9 /* SimulationPerformer.swift */; };
		2D43851F2912FE1D00267EB9 /* HandlerAction.swift in Sources */ = {isa = PBXBuildFile; fileRef = 2D43851B2912FE1D00267EB9 /* HandlerAction.swift */; };
		2D4385202912FE1D00267EB9 /* GeneratorAction.swift in Sources */ = {isa = PBXBuildFile; fileRef = 2D43851C2912FE1D00267EB9 /* GeneratorAction.swift */; };
		2D4385212912FE1D00267EB9 /* BufferAction.swift in Sources */ = {isa = PBXBuildFile; fileRef = 2D43851D2912FE1D00267EB9 /* BufferAction.swift */; };
		2D4385222912FE1D00267EB9 /* Action.swift in Sources */ = {isa = PBXBuildFile; fileRef = 2D43851E2912FE1D00267EB9 /* Action.swift */; };
		2D4385282912FE2200267EB9 /* Buffer.swift in Sources */ = {isa = PBXBuildFile; fileRef = 2D4385242912FE2200267EB9 /* Buffer.swift */; };
		2D4385292912FE2200267EB9 /* Generator.swift in Sources */ = {isa = PBXBuildFile; fileRef = 2D4385252912FE2200267EB9 /* Generator.swift */; };
		2D43852A2912FE2200267EB9 /* Handler.swift in Sources */ = {isa = PBXBuildFile; fileRef = 2D4385262912FE2200267EB9 /* Handler.swift */; };
		2D43852B2912FE2200267EB9 /* Rejector.swift in Sources */ = {isa = PBXBuildFile; fileRef = 2D4385272912FE2200267EB9 /* Rejector.swift */; };
		2D43852D2912FE5000267EB9 /* Double+Extensions.swift in Sources */ = {isa = PBXBuildFile; fileRef = 2D43852C2912FE5000267EB9 /* Double+Extensions.swift */; };
		2D43853D2917E33F00267EB9 /* WaveformConvertible.swift in Sources */ = {isa = PBXBuildFile; fileRef = 2D43853C2917E33F00267EB9 /* WaveformConvertible.swift */; };
		2DAE5D73291AFFDB003A4417 /* WaveformView.swift in Sources */ = {isa = PBXBuildFile; fileRef = 2DAE5D72291AFFDB003A4417 /* WaveformView.swift */; };
		2DBAA3C22920366B00CAFE89 /* ActorsFactory.swift in Sources */ = {isa = PBXBuildFile; fileRef = 2DBAA3C12920366B00CAFE89 /* ActorsFactory.swift */; };
		2DD6E4E62907FE0300D1AF41 /* QSSApp.swift in Sources */ = {isa = PBXBuildFile; fileRef = 2DD6E4E52907FE0300D1AF41 /* QSSApp.swift */; };
		2DD6E4EA2907FE0300D1AF41 /* Assets.xcassets in Resources */ = {isa = PBXBuildFile; fileRef = 2DD6E4E92907FE0300D1AF41 /* Assets.xcassets */; };
		2DD6E4ED2907FE0300D1AF41 /* Preview Assets.xcassets in Resources */ = {isa = PBXBuildFile; fileRef = 2DD6E4EC2907FE0300D1AF41 /* Preview Assets.xcassets */; };
		2DD6E5112909D66300D1AF41 /* SwiftPriorityQueue in Frameworks */ = {isa = PBXBuildFile; productRef = 2DD6E5102909D66300D1AF41 /* SwiftPriorityQueue */; };
/* End PBXBuildFile section */

/* Begin PBXFileReference section */
		2D06CAB9290BD59B00B33482 /* ContentView.swift */ = {isa = PBXFileReference; lastKnownFileType = sourcecode.swift; path = ContentView.swift; sourceTree = "<group>"; };
		2D06CABB290BD67900B33482 /* TableView.swift */ = {isa = PBXFileReference; lastKnownFileType = sourcecode.swift; path = TableView.swift; sourceTree = "<group>"; };
		2D06CABD290BD92400B33482 /* AppState.swift */ = {isa = PBXFileReference; lastKnownFileType = sourcecode.swift; path = AppState.swift; sourceTree = "<group>"; };
		2D06CABF290BDC0900B33482 /* Menus.swift */ = {isa = PBXFileReference; lastKnownFileType = sourcecode.swift; path = Menus.swift; sourceTree = "<group>"; };
		2D06CAC1290BDE4B00B33482 /* Toolbar.swift */ = {isa = PBXFileReference; lastKnownFileType = sourcecode.swift; path = Toolbar.swift; sourceTree = "<group>"; };
		2D06CAC5290C5FAC00B33482 /* Credits.html */ = {isa = PBXFileReference; lastKnownFileType = text.html; path = Credits.html; sourceTree = "<group>"; };
		2D06CAC7290C63D800B33482 /* ControlView.swift */ = {isa = PBXFileReference; lastKnownFileType = sourcecode.swift; path = ControlView.swift; sourceTree = "<group>"; };
		2D09AB67290BD20000B3C11E /* SidebarView.swift */ = {isa = PBXFileReference; lastKnownFileType = sourcecode.swift; path = SidebarView.swift; sourceTree = "<group>"; };
		2D4385172912FDD700267EB9 /* SimulationPerformer.swift */ = {isa = PBXFileReference; fileEncoding = 4; lastKnownFileType = sourcecode.swift; path = SimulationPerformer.swift; sourceTree = "<group>"; };
		2D43851B2912FE1D00267EB9 /* HandlerAction.swift */ = {isa = PBXFileReference; fileEncoding = 4; lastKnownFileType = sourcecode.swift; path = HandlerAction.swift; sourceTree = "<group>"; };
		2D43851C2912FE1D00267EB9 /* GeneratorAction.swift */ = {isa = PBXFileReference; fileEncoding = 4; lastKnownFileType = sourcecode.swift; path = GeneratorAction.swift; sourceTree = "<group>"; };
		2D43851D2912FE1D00267EB9 /* BufferAction.swift */ = {isa = PBXFileReference; fileEncoding = 4; lastKnownFileType = sourcecode.swift; path = BufferAction.swift; sourceTree = "<group>"; };
		2D43851E2912FE1D00267EB9 /* Action.swift */ = {isa = PBXFileReference; fileEncoding = 4; lastKnownFileType = sourcecode.swift; path = Action.swift; sourceTree = "<group>"; };
		2D4385242912FE2200267EB9 /* Buffer.swift */ = {isa = PBXFileReference; fileEncoding = 4; lastKnownFileType = sourcecode.swift; path = Buffer.swift; sourceTree = "<group>"; };
		2D4385252912FE2200267EB9 /* Generator.swift */ = {isa = PBXFileReference; fileEncoding = 4; lastKnownFileType = sourcecode.swift; path = Generator.swift; sourceTree = "<group>"; };
		2D4385262912FE2200267EB9 /* Handler.swift */ = {isa = PBXFileReference; fileEncoding = 4; lastKnownFileType = sourcecode.swift; path = Handler.swift; sourceTree = "<group>"; };
		2D4385272912FE2200267EB9 /* Rejector.swift */ = {isa = PBXFileReference; fileEncoding = 4; lastKnownFileType = sourcecode.swift; path = Rejector.swift; sourceTree = "<group>"; };
		2D43852C2912FE5000267EB9 /* Double+Extensions.swift */ = {isa = PBXFileReference; fileEncoding = 4; lastKnownFileType = sourcecode.swift; path = "Double+Extensions.swift"; sourceTree = "<group>"; };
		2D43853C2917E33F00267EB9 /* WaveformConvertible.swift */ = {isa = PBXFileReference; lastKnownFileType = sourcecode.swift; path = WaveformConvertible.swift; sourceTree = "<group>"; };
		2DAE5D72291AFFDB003A4417 /* WaveformView.swift */ = {isa = PBXFileReference; lastKnownFileType = sourcecode.swift; path = WaveformView.swift; sourceTree = "<group>"; };
		2DBAA3C12920366B00CAFE89 /* ActorsFactory.swift */ = {isa = PBXFileReference; lastKnownFileType = sourcecode.swift; path = ActorsFactory.swift; sourceTree = "<group>"; };
		2DD6E4E22907FE0300D1AF41 /* QSS.app */ = {isa = PBXFileReference; explicitFileType = wrapper.application; includeInIndex = 0; path = QSS.app; sourceTree = BUILT_PRODUCTS_DIR; };
		2DD6E4E52907FE0300D1AF41 /* QSSApp.swift */ = {isa = PBXFileReference; lastKnownFileType = sourcecode.swift; path = QSSApp.swift; sourceTree = "<group>"; };
		2DD6E4E92907FE0300D1AF41 /* Assets.xcassets */ = {isa = PBXFileReference; lastKnownFileType = folder.assetcatalog; path = Assets.xcassets; sourceTree = "<group>"; };
		2DD6E4EC2907FE0300D1AF41 /* Preview Assets.xcassets */ = {isa = PBXFileReference; lastKnownFileType = folder.assetcatalog; path = "Preview Assets.xcassets"; sourceTree = "<group>"; };
		2DD6E4EE2907FE0300D1AF41 /* QSS.entitlements */ = {isa = PBXFileReference; lastKnownFileType = text.plist.entitlements; path = QSS.entitlements; sourceTree = "<group>"; };
/* End PBXFileReference section */

/* Begin PBXFrameworksBuildPhase section */
		2DD6E4DF2907FE0300D1AF41 /* Frameworks */ = {
			isa = PBXFrameworksBuildPhase;
			buildActionMask = 2147483647;
			files = (
				2DD6E5112909D66300D1AF41 /* SwiftPriorityQueue in Frameworks */,
			);
			runOnlyForDeploymentPostprocessing = 0;
		};
/* End PBXFrameworksBuildPhase section */

/* Begin PBXGroup section */
		2D09AB69290BD20400B3C11E /* UI */ = {
			isa = PBXGroup;
			children = (
				2D06CAB9290BD59B00B33482 /* ContentView.swift */,
				2DAE5D72291AFFDB003A4417 /* WaveformView.swift */,
				2D06CABB290BD67900B33482 /* TableView.swift */,
				2D06CAC7290C63D800B33482 /* ControlView.swift */,
				2D09AB67290BD20000B3C11E /* SidebarView.swift */,
				2D06CABF290BDC0900B33482 /* Menus.swift */,
				2D06CAC1290BDE4B00B33482 /* Toolbar.swift */,
			);
			path = UI;
			sourceTree = "<group>";
		};
		2D4385192912FDEE00267EB9 /* Model */ = {
			isa = PBXGroup;
			children = (
				2D4385232912FE2200267EB9 /* actors */,
				2D43851A2912FE1D00267EB9 /* actions */,
			);
			path = Model;
			sourceTree = "<group>";
		};
		2D43851A2912FE1D00267EB9 /* actions */ = {
			isa = PBXGroup;
			children = (
				2D43851C2912FE1D00267EB9 /* GeneratorAction.swift */,
				2D43851B2912FE1D00267EB9 /* HandlerAction.swift */,
				2D43851D2912FE1D00267EB9 /* BufferAction.swift */,
				2D43851E2912FE1D00267EB9 /* Action.swift */,
			);
			path = actions;
			sourceTree = "<group>";
		};
		2D4385232912FE2200267EB9 /* actors */ = {
			isa = PBXGroup;
			children = (
				2D43853C2917E33F00267EB9 /* WaveformConvertible.swift */,
				2D4385252912FE2200267EB9 /* Generator.swift */,
				2D4385262912FE2200267EB9 /* Handler.swift */,
				2D4385242912FE2200267EB9 /* Buffer.swift */,
				2D4385272912FE2200267EB9 /* Rejector.swift */,
				2DBAA3C12920366B00CAFE89 /* ActorsFactory.swift */,
			);
			path = actors;
			sourceTree = "<group>";
		};
		2DD6E4D92907FE0300D1AF41 = {
			isa = PBXGroup;
			children = (
				2DD6E4E42907FE0300D1AF41 /* QSS */,
				2DD6E4E32907FE0300D1AF41 /* Products */,
			);
			sourceTree = "<group>";
		};
		2DD6E4E32907FE0300D1AF41 /* Products */ = {
			isa = PBXGroup;
			children = (
				2DD6E4E22907FE0300D1AF41 /* QSS.app */,
			);
			name = Products;
			sourceTree = "<group>";
		};
		2DD6E4E42907FE0300D1AF41 /* QSS */ = {
			isa = PBXGroup;
			children = (
				2DD6E4E52907FE0300D1AF41 /* QSSApp.swift */,
				2D06CABD290BD92400B33482 /* AppState.swift */,
				2D4385172912FDD700267EB9 /* SimulationPerformer.swift */,
				2D4385192912FDEE00267EB9 /* Model */,
				2D09AB69290BD20400B3C11E /* UI */,
				2D43852C2912FE5000267EB9 /* Double+Extensions.swift */,
				2DD6E4E92907FE0300D1AF41 /* Assets.xcassets */,
				2DD6E4EE2907FE0300D1AF41 /* QSS.entitlements */,
				2D06CAC5290C5FAC00B33482 /* Credits.html */,
				2DD6E4EB2907FE0300D1AF41 /* Preview Content */,
			);
			path = QSS;
			sourceTree = "<group>";
		};
		2DD6E4EB2907FE0300D1AF41 /* Preview Content */ = {
			isa = PBXGroup;
			children = (
				2DD6E4EC2907FE0300D1AF41 /* Preview Assets.xcassets */,
			);
			path = "Preview Content";
			sourceTree = "<group>";
		};
/* End PBXGroup section */

/* Begin PBXNativeTarget section */
		2DD6E4E12907FE0300D1AF41 /* QSS */ = {
			isa = PBXNativeTarget;
			buildConfigurationList = 2DD6E4F12907FE0300D1AF41 /* Build configuration list for PBXNativeTarget "QSS" */;
			buildPhases = (
				2DD6E4DE2907FE0300D1AF41 /* Sources */,
				2DD6E4DF2907FE0300D1AF41 /* Frameworks */,
				2DD6E4E02907FE0300D1AF41 /* Resources */,
				2DBAA3C32920401100CAFE89 /* Run Script */,
			);
			buildRules = (
			);
			dependencies = (
			);
			name = QSS;
			packageProductDependencies = (
				2DD6E5102909D66300D1AF41 /* SwiftPriorityQueue */,
			);
			productName = QSS;
			productReference = 2DD6E4E22907FE0300D1AF41 /* QSS.app */;
			productType = "com.apple.product-type.application";
		};
/* End PBXNativeTarget section */

/* Begin PBXProject section */
		2DD6E4DA2907FE0300D1AF41 /* Project object */ = {
			isa = PBXProject;
			attributes = {
				BuildIndependentTargetsInParallel = 1;
				LastSwiftUpdateCheck = 1400;
				LastUpgradeCheck = 1410;
				TargetAttributes = {
					2DD6E4E12907FE0300D1AF41 = {
						CreatedOnToolsVersion = 14.0.1;
					};
				};
			};
			buildConfigurationList = 2DD6E4DD2907FE0300D1AF41 /* Build configuration list for PBXProject "QSS" */;
			compatibilityVersion = "Xcode 14.0";
			developmentRegion = en;
			hasScannedForEncodings = 0;
			knownRegions = (
				en,
				Base,
			);
			mainGroup = 2DD6E4D92907FE0300D1AF41;
			packageReferences = (
				2DD6E50F2909D66300D1AF41 /* XCRemoteSwiftPackageReference "SwiftPriorityQueue" */,
			);
			productRefGroup = 2DD6E4E32907FE0300D1AF41 /* Products */;
			projectDirPath = "";
			projectRoot = "";
			targets = (
				2DD6E4E12907FE0300D1AF41 /* QSS */,
			);
		};
/* End PBXProject section */

/* Begin PBXResourcesBuildPhase section */
		2DD6E4E02907FE0300D1AF41 /* Resources */ = {
			isa = PBXResourcesBuildPhase;
			buildActionMask = 2147483647;
			files = (
				2DD6E4ED2907FE0300D1AF41 /* Preview Assets.xcassets in Resources */,
				2D06CAC6290C5FAC00B33482 /* Credits.html in Resources */,
				2DD6E4EA2907FE0300D1AF41 /* Assets.xcassets in Resources */,
			);
			runOnlyForDeploymentPostprocessing = 0;
		};
/* End PBXResourcesBuildPhase section */

/* Begin PBXShellScriptBuildPhase section */
		2DBAA3C32920401100CAFE89 /* Run Script */ = {
			isa = PBXShellScriptBuildPhase;
			alwaysOutOfDate = 1;
			buildActionMask = 2147483647;
			files = (
			);
			inputFileListPaths = (
			);
			inputPaths = (
			);
			name = "Run Script";
			outputFileListPaths = (
			);
			outputPaths = (
			);
			runOnlyForDeploymentPostprocessing = 0;
			shellPath = /bin/sh;
			shellScript = "export PATH=\"$PATH:/opt/homebrew/bin\"\nif which swiftlint > /dev/null; then\n  swiftlint\nelse\n  echo \"warning: SwiftLint not installed, download from https://github.com/realm/SwiftLint\"\nfi\n";
		};
/* End PBXShellScriptBuildPhase section */

/* Begin PBXSourcesBuildPhase section */
		2DD6E4DE2907FE0300D1AF41 /* Sources */ = {
			isa = PBXSourcesBuildPhase;
			buildActionMask = 2147483647;
			files = (
				2DAE5D73291AFFDB003A4417 /* WaveformView.swift in Sources */,
				2D43853D2917E33F00267EB9 /* WaveformConvertible.swift in Sources */,
				2D06CAC0290BDC0900B33482 /* Menus.swift in Sources */,
				2D06CABA290BD59B00B33482 /* ContentView.swift in Sources */,
				2D4385222912FE1D00267EB9 /* Action.swift in Sources */,
				2DBAA3C22920366B00CAFE89 /* ActorsFactory.swift in Sources */,
				2D43852A2912FE2200267EB9 /* Handler.swift in Sources */,
				2D4385182912FDD700267EB9 /* SimulationPerformer.swift in Sources */,
				2D43852B2912FE2200267EB9 /* Rejector.swift in Sources */,
				2D4385212912FE1D00267EB9 /* BufferAction.swift in Sources */,
				2D06CABC290BD67900B33482 /* TableView.swift in Sources */,
				2D06CABE290BD92400B33482 /* AppState.swift in Sources */,
				2D06CAC2290BDE4B00B33482 /* Toolbar.swift in Sources */,
				2D09AB68290BD20000B3C11E /* SidebarView.swift in Sources */,
				2D4385282912FE2200267EB9 /* Buffer.swift in Sources */,
				2D43852D2912FE5000267EB9 /* Double+Extensions.swift in Sources */,
				2D06CAC8290C63D800B33482 /* ControlView.swift in Sources */,
				2D43851F2912FE1D00267EB9 /* HandlerAction.swift in Sources */,
				2DD6E4E62907FE0300D1AF41 /* QSSApp.swift in Sources */,
				2D4385202912FE1D00267EB9 /* GeneratorAction.swift in Sources */,
				2D4385292912FE2200267EB9 /* Generator.swift in Sources */,
			);
			runOnlyForDeploymentPostprocessing = 0;
		};
/* End PBXSourcesBuildPhase section */

/* Begin XCBuildConfiguration section */
		2DD6E4EF2907FE0300D1AF41 /* Debug */ = {
			isa = XCBuildConfiguration;
			buildSettings = {
				ALWAYS_SEARCH_USER_PATHS = NO;
				CLANG_ANALYZER_NONNULL = YES;
				CLANG_ANALYZER_NUMBER_OBJECT_CONVERSION = YES_AGGRESSIVE;
				CLANG_CXX_LANGUAGE_STANDARD = "gnu++20";
				CLANG_ENABLE_MODULES = YES;
				CLANG_ENABLE_OBJC_ARC = YES;
				CLANG_ENABLE_OBJC_WEAK = YES;
				CLANG_WARN_BLOCK_CAPTURE_AUTORELEASING = YES;
				CLANG_WARN_BOOL_CONVERSION = YES;
				CLANG_WARN_COMMA = YES;
				CLANG_WARN_CONSTANT_CONVERSION = YES;
				CLANG_WARN_DEPRECATED_OBJC_IMPLEMENTATIONS = YES;
				CLANG_WARN_DIRECT_OBJC_ISA_USAGE = YES_ERROR;
				CLANG_WARN_DOCUMENTATION_COMMENTS = YES;
				CLANG_WARN_EMPTY_BODY = YES;
				CLANG_WARN_ENUM_CONVERSION = YES;
				CLANG_WARN_INFINITE_RECURSION = YES;
				CLANG_WARN_INT_CONVERSION = YES;
				CLANG_WARN_NON_LITERAL_NULL_CONVERSION = YES;
				CLANG_WARN_OBJC_IMPLICIT_RETAIN_SELF = YES;
				CLANG_WARN_OBJC_LITERAL_CONVERSION = YES;
				CLANG_WARN_OBJC_ROOT_CLASS = YES_ERROR;
				CLANG_WARN_QUOTED_INCLUDE_IN_FRAMEWORK_HEADER = YES;
				CLANG_WARN_RANGE_LOOP_ANALYSIS = YES;
				CLANG_WARN_STRICT_PROTOTYPES = YES;
				CLANG_WARN_SUSPICIOUS_MOVE = YES;
				CLANG_WARN_UNGUARDED_AVAILABILITY = YES_AGGRESSIVE;
				CLANG_WARN_UNREACHABLE_CODE = YES;
				CLANG_WARN__DUPLICATE_METHOD_MATCH = YES;
				COPY_PHASE_STRIP = NO;
				DEAD_CODE_STRIPPING = YES;
				DEBUG_INFORMATION_FORMAT = dwarf;
				ENABLE_STRICT_OBJC_MSGSEND = YES;
				ENABLE_TESTABILITY = YES;
				GCC_C_LANGUAGE_STANDARD = gnu11;
				GCC_DYNAMIC_NO_PIC = NO;
				GCC_NO_COMMON_BLOCKS = YES;
				GCC_OPTIMIZATION_LEVEL = 0;
				GCC_PREPROCESSOR_DEFINITIONS = (
					"DEBUG=1",
					"$(inherited)",
				);
				GCC_WARN_64_TO_32_BIT_CONVERSION = YES;
				GCC_WARN_ABOUT_RETURN_TYPE = YES_ERROR;
				GCC_WARN_UNDECLARED_SELECTOR = YES;
				GCC_WARN_UNINITIALIZED_AUTOS = YES_AGGRESSIVE;
				GCC_WARN_UNUSED_FUNCTION = YES;
				GCC_WARN_UNUSED_VARIABLE = YES;
				MACOSX_DEPLOYMENT_TARGET = 13.0;
				MTL_ENABLE_DEBUG_INFO = INCLUDE_SOURCE;
				MTL_FAST_MATH = YES;
				ONLY_ACTIVE_ARCH = YES;
				SDKROOT = macosx;
				SWIFT_ACTIVE_COMPILATION_CONDITIONS = DEBUG;
				SWIFT_OPTIMIZATION_LEVEL = "-Onone";
			};
			name = Debug;
		};
		2DD6E4F02907FE0300D1AF41 /* Release */ = {
			isa = XCBuildConfiguration;
			buildSettings = {
				ALWAYS_SEARCH_USER_PATHS = NO;
				CLANG_ANALYZER_NONNULL = YES;
				CLANG_ANALYZER_NUMBER_OBJECT_CONVERSION = YES_AGGRESSIVE;
				CLANG_CXX_LANGUAGE_STANDARD = "gnu++20";
				CLANG_ENABLE_MODULES = YES;
				CLANG_ENABLE_OBJC_ARC = YES;
				CLANG_ENABLE_OBJC_WEAK = YES;
				CLANG_WARN_BLOCK_CAPTURE_AUTORELEASING = YES;
				CLANG_WARN_BOOL_CONVERSION = YES;
				CLANG_WARN_COMMA = YES;
				CLANG_WARN_CONSTANT_CONVERSION = YES;
				CLANG_WARN_DEPRECATED_OBJC_IMPLEMENTATIONS = YES;
				CLANG_WARN_DIRECT_OBJC_ISA_USAGE = YES_ERROR;
				CLANG_WARN_DOCUMENTATION_COMMENTS = YES;
				CLANG_WARN_EMPTY_BODY = YES;
				CLANG_WARN_ENUM_CONVERSION = YES;
				CLANG_WARN_INFINITE_RECURSION = YES;
				CLANG_WARN_INT_CONVERSION = YES;
				CLANG_WARN_NON_LITERAL_NULL_CONVERSION = YES;
				CLANG_WARN_OBJC_IMPLICIT_RETAIN_SELF = YES;
				CLANG_WARN_OBJC_LITERAL_CONVERSION = YES;
				CLANG_WARN_OBJC_ROOT_CLASS = YES_ERROR;
				CLANG_WARN_QUOTED_INCLUDE_IN_FRAMEWORK_HEADER = YES;
				CLANG_WARN_RANGE_LOOP_ANALYSIS = YES;
				CLANG_WARN_STRICT_PROTOTYPES = YES;
				CLANG_WARN_SUSPICIOUS_MOVE = YES;
				CLANG_WARN_UNGUARDED_AVAILABILITY = YES_AGGRESSIVE;
				CLANG_WARN_UNREACHABLE_CODE = YES;
				CLANG_WARN__DUPLICATE_METHOD_MATCH = YES;
				COPY_PHASE_STRIP = NO;
				DEAD_CODE_STRIPPING = YES;
				DEBUG_INFORMATION_FORMAT = "dwarf-with-dsym";
				ENABLE_NS_ASSERTIONS = NO;
				ENABLE_STRICT_OBJC_MSGSEND = YES;
				GCC_C_LANGUAGE_STANDARD = gnu11;
				GCC_NO_COMMON_BLOCKS = YES;
				GCC_WARN_64_TO_32_BIT_CONVERSION = YES;
				GCC_WARN_ABOUT_RETURN_TYPE = YES_ERROR;
				GCC_WARN_UNDECLARED_SELECTOR = YES;
				GCC_WARN_UNINITIALIZED_AUTOS = YES_AGGRESSIVE;
				GCC_WARN_UNUSED_FUNCTION = YES;
				GCC_WARN_UNUSED_VARIABLE = YES;
				MACOSX_DEPLOYMENT_TARGET = 13.0;
				MTL_ENABLE_DEBUG_INFO = NO;
				MTL_FAST_MATH = YES;
				SDKROOT = macosx;
				SWIFT_COMPILATION_MODE = wholemodule;
				SWIFT_OPTIMIZATION_LEVEL = "-O";
			};
			name = Release;
		};
		2DD6E4F22907FE0300D1AF41 /* Debug */ = {
			isa = XCBuildConfiguration;
			buildSettings = {
				ASSETCATALOG_COMPILER_APPICON_NAME = AppIcon;
				ASSETCATALOG_COMPILER_GLOBAL_ACCENT_COLOR_NAME = AccentColor;
				ASSETCATALOG_COMPILER_INCLUDE_ALL_APPICON_ASSETS = YES;
				CODE_SIGN_ENTITLEMENTS = QSS/QSS.entitlements;
				CODE_SIGN_IDENTITY = "-";
				CODE_SIGN_STYLE = Automatic;
				COMBINE_HIDPI_IMAGES = YES;
				CURRENT_PROJECT_VERSION = 1;
				DEAD_CODE_STRIPPING = YES;
				DEVELOPMENT_ASSET_PATHS = "\"QSS/Preview Content\"";
				ENABLE_PREVIEWS = YES;
				GENERATE_INFOPLIST_FILE = YES;
				INFOPLIST_KEY_LSApplicationCategoryType = "public.app-category.utilities";
				INFOPLIST_KEY_NSHumanReadableCopyright = "";
				LD_RUNPATH_SEARCH_PATHS = (
					"$(inherited)",
					"@executable_path/../Frameworks",
				);
				MACOSX_DEPLOYMENT_TARGET = 13.0;
				MARKETING_VERSION = 1.0;
				PRODUCT_BUNDLE_IDENTIFIER = com.meinkognito.QSS;
				PRODUCT_NAME = "$(TARGET_NAME)";
				SWIFT_EMIT_LOC_STRINGS = YES;
				SWIFT_VERSION = 5.0;
			};
			name = Debug;
		};
		2DD6E4F32907FE0300D1AF41 /* Release */ = {
			isa = XCBuildConfiguration;
			buildSettings = {
				ASSETCATALOG_COMPILER_APPICON_NAME = AppIcon;
				ASSETCATALOG_COMPILER_GLOBAL_ACCENT_COLOR_NAME = AccentColor;
				ASSETCATALOG_COMPILER_INCLUDE_ALL_APPICON_ASSETS = YES;
				CODE_SIGN_ENTITLEMENTS = QSS/QSS.entitlements;
				CODE_SIGN_IDENTITY = "-";
				CODE_SIGN_STYLE = Automatic;
				COMBINE_HIDPI_IMAGES = YES;
				CURRENT_PROJECT_VERSION = 1;
				DEAD_CODE_STRIPPING = YES;
				DEVELOPMENT_ASSET_PATHS = "\"QSS/Preview Content\"";
				ENABLE_PREVIEWS = YES;
				GENERATE_INFOPLIST_FILE = YES;
				INFOPLIST_KEY_LSApplicationCategoryType = "public.app-category.utilities";
				INFOPLIST_KEY_NSHumanReadableCopyright = "";
				LD_RUNPATH_SEARCH_PATHS = (
					"$(inherited)",
					"@executable_path/../Frameworks",
				);
				MACOSX_DEPLOYMENT_TARGET = 13.0;
				MARKETING_VERSION = 1.0;
				PRODUCT_BUNDLE_IDENTIFIER = com.meinkognito.QSS;
				PRODUCT_NAME = "$(TARGET_NAME)";
				SWIFT_EMIT_LOC_STRINGS = YES;
				SWIFT_VERSION = 5.0;
			};
			name = Release;
		};
/* End XCBuildConfiguration section */

/* Begin XCConfigurationList section */
		2DD6E4DD2907FE0300D1AF41 /* Build configuration list for PBXProject "QSS" */ = {
			isa = XCConfigurationList;
			buildConfigurations = (
				2DD6E4EF2907FE0300D1AF41 /* Debug */,
				2DD6E4F02907FE0300D1AF41 /* Release */,
			);
			defaultConfigurationIsVisible = 0;
			defaultConfigurationName = Release;
		};
		2DD6E4F12907FE0300D1AF41 /* Build configuration list for PBXNativeTarget "QSS" */ = {
			isa = XCConfigurationList;
			buildConfigurations = (
				2DD6E4F22907FE0300D1AF41 /* Debug */,
				2DD6E4F32907FE0300D1AF41 /* Release */,
			);
			defaultConfigurationIsVisible = 0;
			defaultConfigurationName = Release;
		};
/* End XCConfigurationList section */

/* Begin XCRemoteSwiftPackageReference section */
		2DD6E50F2909D66300D1AF41 /* XCRemoteSwiftPackageReference "SwiftPriorityQueue" */ = {
			isa = XCRemoteSwiftPackageReference;
			repositoryURL = "https://github.com/davecom/SwiftPriorityQueue";
			requirement = {
				kind = upToNextMajorVersion;
				minimumVersion = 1.0.0;
			};
		};
/* End XCRemoteSwiftPackageReference section */

/* Begin XCSwiftPackageProductDependency section */
		2DD6E5102909D66300D1AF41 /* SwiftPriorityQueue */ = {
			isa = XCSwiftPackageProductDependency;
			package = 2DD6E50F2909D66300D1AF41 /* XCRemoteSwiftPackageReference "SwiftPriorityQueue" */;
			productName = SwiftPriorityQueue;
		};
/* End XCSwiftPackageProductDependency section */
	};
	rootObject = 2DD6E4DA2907FE0300D1AF41 /* Project object */;
}
